
Microsoft Visual Studio Solution File, Format Version 12.00
# Visual Studio Version 17
VisualStudioVersion = 17.5.33424.131
MinimumVisualStudioVersion = 10.0.40219.1
Project("{9A19103F-16F7-4668-BE54-9A1E7A4F7556}") = "LydFramework.WebApi", "LydFramework.WebApi\LydFramework.WebApi.csproj", "{79296AF9-3A3A-47CA-9E08-D8C35A656B91}"
EndProject
Project("{9A19103F-16F7-4668-BE54-9A1E7A4F7556}") = "LydFramework.Domain", "LydFramework.Domain\LydFramework.Domain.csproj", "{609F4239-FE2C-4BE7-9282-01FBB93537DE}"
EndProject
Project("{9A19103F-16F7-4668-BE54-9A1E7A4F7556}") = "LydFramework.Tools", "LydFramework.Tools\LydFramework.Tools.csproj", "{63A39F42-F919-4BD7-A072-96C570010301}"
EndProject
Project("{9A19103F-16F7-4668-BE54-9A1E7A4F7556}") = "LydFramework.Domain.Shared", "LydFramework.Domain.Shared\LydFramework.Domain.Shared.csproj", "{D31B396F-A146-4215-968C-08540A5DFB2D}"
EndProject
Project("{9A19103F-16F7-4668-BE54-9A1E7A4F7556}") = "LydFramework.DbMigration", "EFCore\LydFramework.DbMigration\LydFramework.DbMigration.csproj", "{E1AD0173-13D2-41CD-96EF-4884936372E8}"
EndProject
Project("{9A19103F-16F7-4668-BE54-9A1E7A4F7556}") = "LydFramework.EFCore", "EFCore\LydFramework.EFCore\LydFramework.EFCore.csproj", "{41B99310-2E84-4FD5-ACE0-574C3B9844AD}"
EndProject
Project("{9A19103F-16F7-4668-BE54-9A1E7A4F7556}") = "LydFramework.Application", "LydFramework.Application\LydFramework.Application.csproj", "{C3FADB49-BC73-4716-8F22-22824042DD8D}"
EndProject
Project("{9A19103F-16F7-4668-BE54-9A1E7A4F7556}") = "LydFramework.Application.Contracts", "LydFramework.Application.Contracts\LydFramework.Application.Contracts.csproj", "{011DF754-FA88-41D0-A59E-48F8CAE8CCE5}"
EndProject
Project("{2150E333-8FDC-42A3-9474-1A3956D46DE8}") = "EFCore", "EFCore", "{915C423D-FC1A-4D52-8ADC-CC4FE43B5538}"
EndProject
Project("{9A19103F-16F7-4668-BE54-9A1E7A4F7556}") = "LydFramework.EFCore.SqlServer", "EFCore\LydFramework.EFCore.SqlServer\LydFramework.EFCore.SqlServer.csproj", "{8F904B41-C331-492F-8382-BDBD371C7705}"
EndProject
Project("{9A19103F-16F7-4668-BE54-9A1E7A4F7556}") = "LydFramework.EFCore.MySql", "EFCore\LydFramework.EFCore.MySql\LydFramework.EFCore.MySql.csproj", "{163B1F8C-4787-47BB-850A-B73DF646D817}"
EndProject
Project("{9A19103F-16F7-4668-BE54-9A1E7A4F7556}") = "LydFramework.Module", "LydFramework.Module\LydFramework.Module.csproj", "{B2BE0725-57CA-40C8-A3D1-AF4EC726FDB3}"
EndProject
Project("{2150E333-8FDC-42A3-9474-1A3956D46DE8}") = "Infrastructure", "Infrastructure", "{702576F2-774B-4000-B560-4B9E60C300CF}"
EndProject
Project("{9A19103F-16F7-4668-BE54-9A1E7A4F7556}") = "LydFramework.Redis", "Infrastructure\LydFramework.Redis\LydFramework.Redis.csproj", "{D260A1A9-51E3-443D-AF8F-D6A2D649E17B}"
EndProject
Project("{9A19103F-16F7-4668-BE54-9A1E7A4F7556}") = "LydFramework.Hangfire", "Infrastructure\LydFramework.Hangfire\LydFramework.Hangfire.csproj", "{C4431FC6-A0F9-4929-AE3A-23769D054C12}"
EndProject
Project("{9A19103F-16F7-4668-BE54-9A1E7A4F7556}") = "LydFramework.RabbitMQ", "Infrastructure\LydFramework.RabbitMQ\LydFramework.RabbitMQ.csproj", "{BEE13270-840E-4178-9384-BE3787048F81}"
EndProject
Global
	GlobalSection(SolutionConfigurationPlatforms) = preSolution
		Debug|Any CPU = Debug|Any CPU
		Release|Any CPU = Release|Any CPU
	EndGlobalSection
	GlobalSection(ProjectConfigurationPlatforms) = postSolution
		{79296AF9-3A3A-47CA-9E08-D8C35A656B91}.Debug|Any CPU.ActiveCfg = Debug|Any CPU
		{79296AF9-3A3A-47CA-9E08-D8C35A656B91}.Debug|Any CPU.Build.0 = Debug|Any CPU
		{79296AF9-3A3A-47CA-9E08-D8C35A656B91}.Release|Any CPU.ActiveCfg = Release|Any CPU
		{79296AF9-3A3A-47CA-9E08-D8C35A656B91}.Release|Any CPU.Build.0 = Release|Any CPU
		{609F4239-FE2C-4BE7-9282-01FBB93537DE}.Debug|Any CPU.ActiveCfg = Debug|Any CPU
		{609F4239-FE2C-4BE7-9282-01FBB93537DE}.Debug|Any CPU.Build.0 = Debug|Any CPU
		{609F4239-FE2C-4BE7-9282-01FBB93537DE}.Release|Any CPU.ActiveCfg = Release|Any CPU
		{609F4239-FE2C-4BE7-9282-01FBB93537DE}.Release|Any CPU.Build.0 = Release|Any CPU
		{63A39F42-F919-4BD7-A072-96C570010301}.Debug|Any CPU.ActiveCfg = Debug|Any CPU
		{63A39F42-F919-4BD7-A072-96C570010301}.Debug|Any CPU.Build.0 = Debug|Any CPU
		{63A39F42-F919-4BD7-A072-96C570010301}.Release|Any CPU.ActiveCfg = Release|Any CPU
		{63A39F42-F919-4BD7-A072-96C570010301}.Release|Any CPU.Build.0 = Release|Any CPU
		{D31B396F-A146-4215-968C-08540A5DFB2D}.Debug|Any CPU.ActiveCfg = Debug|Any CPU
		{D31B396F-A146-4215-968C-08540A5DFB2D}.Debug|Any CPU.Build.0 = Debug|Any CPU
		{D31B396F-A146-4215-968C-08540A5DFB2D}.Release|Any CPU.ActiveCfg = Release|Any CPU
		{D31B396F-A146-4215-968C-08540A5DFB2D}.Release|Any CPU.Build.0 = Release|Any CPU
		{E1AD0173-13D2-41CD-96EF-4884936372E8}.Debug|Any CPU.ActiveCfg = Debug|Any CPU
		{E1AD0173-13D2-41CD-96EF-4884936372E8}.Debug|Any CPU.Build.0 = Debug|Any CPU
		{E1AD0173-13D2-41CD-96EF-4884936372E8}.Release|Any CPU.ActiveCfg = Release|Any CPU
		{E1AD0173-13D2-41CD-96EF-4884936372E8}.Release|Any CPU.Build.0 = Release|Any CPU
		{41B99310-2E84-4FD5-ACE0-574C3B9844AD}.Debug|Any CPU.ActiveCfg = Debug|Any CPU
		{41B99310-2E84-4FD5-ACE0-574C3B9844AD}.Debug|Any CPU.Build.0 = Debug|Any CPU
		{41B99310-2E84-4FD5-ACE0-574C3B9844AD}.Release|Any CPU.ActiveCfg = Release|Any CPU
		{41B99310-2E84-4FD5-ACE0-574C3B9844AD}.Release|Any CPU.Build.0 = Release|Any CPU
		{C3FADB49-BC73-4716-8F22-22824042DD8D}.Debug|Any CPU.ActiveCfg = Debug|Any CPU
		{C3FADB49-BC73-4716-8F22-22824042DD8D}.Debug|Any CPU.Build.0 = Debug|Any CPU
		{C3FADB49-BC73-4716-8F22-22824042DD8D}.Release|Any CPU.ActiveCfg = Release|Any CPU
		{C3FADB49-BC73-4716-8F22-22824042DD8D}.Release|Any CPU.Build.0 = Release|Any CPU
		{011DF754-FA88-41D0-A59E-48F8CAE8CCE5}.Debug|Any CPU.ActiveCfg = Debug|Any CPU
		{011DF754-FA88-41D0-A59E-48F8CAE8CCE5}.Debug|Any CPU.Build.0 = Debug|Any CPU
		{011DF754-FA88-41D0-A59E-48F8CAE8CCE5}.Release|Any CPU.ActiveCfg = Release|Any CPU
		{011DF754-FA88-41D0-A59E-48F8CAE8CCE5}.Release|Any CPU.Build.0 = Release|Any CPU
		{8F904B41-C331-492F-8382-BDBD371C7705}.Debug|Any CPU.ActiveCfg = Debug|Any CPU
		{8F904B41-C331-492F-8382-BDBD371C7705}.Debug|Any CPU.Build.0 = Debug|Any CPU
		{8F904B41-C331-492F-8382-BDBD371C7705}.Release|Any CPU.ActiveCfg = Release|Any CPU
		{8F904B41-C331-492F-8382-BDBD371C7705}.Release|Any CPU.Build.0 = Release|Any CPU
		{163B1F8C-4787-47BB-850A-B73DF646D817}.Debug|Any CPU.ActiveCfg = Debug|Any CPU
		{163B1F8C-4787-47BB-850A-B73DF646D817}.Debug|Any CPU.Build.0 = Debug|Any CPU
		{163B1F8C-4787-47BB-850A-B73DF646D817}.Release|Any CPU.ActiveCfg = Release|Any CPU
		{163B1F8C-4787-47BB-850A-B73DF646D817}.Release|Any CPU.Build.0 = Release|Any CPU
		{B2BE0725-57CA-40C8-A3D1-AF4EC726FDB3}.Debug|Any CPU.ActiveCfg = Debug|Any CPU
		{B2BE0725-57CA-40C8-A3D1-AF4EC726FDB3}.Debug|Any CPU.Build.0 = Debug|Any CPU
		{B2BE0725-57CA-40C8-A3D1-AF4EC726FDB3}.Release|Any CPU.ActiveCfg = Release|Any CPU
		{B2BE0725-57CA-40C8-A3D1-AF4EC726FDB3}.Release|Any CPU.Build.0 = Release|Any CPU
		{D260A1A9-51E3-443D-AF8F-D6A2D649E17B}.Debug|Any CPU.ActiveCfg = Debug|Any CPU
		{D260A1A9-51E3-443D-AF8F-D6A2D649E17B}.Debug|Any CPU.Build.0 = Debug|Any CPU
		{D260A1A9-51E3-443D-AF8F-D6A2D649E17B}.Release|Any CPU.ActiveCfg = Release|Any CPU
		{D260A1A9-51E3-443D-AF8F-D6A2D649E17B}.Release|Any CPU.Build.0 = Release|Any CPU
		{C4431FC6-A0F9-4929-AE3A-23769D054C12}.Debug|Any CPU.ActiveCfg = Debug|Any CPU
		{C4431FC6-A0F9-4929-AE3A-23769D054C12}.Debug|Any CPU.Build.0 = Debug|Any CPU
		{C4431FC6-A0F9-4929-AE3A-23769D054C12}.Release|Any CPU.ActiveCfg = Release|Any CPU
		{C4431FC6-A0F9-4929-AE3A-23769D054C12}.Release|Any CPU.Build.0 = Release|Any CPU
		{BEE13270-840E-4178-9384-BE3787048F81}.Debug|Any CPU.ActiveCfg = Debug|Any CPU
		{BEE13270-840E-4178-9384-BE3787048F81}.Debug|Any CPU.Build.0 = Debug|Any CPU
		{BEE13270-840E-4178-9384-BE3787048F81}.Release|Any CPU.ActiveCfg = Release|Any CPU
		{BEE13270-840E-4178-9384-BE3787048F81}.Release|Any CPU.Build.0 = Release|Any CPU
	EndGlobalSection
	GlobalSection(SolutionProperties) = preSolution
		HideSolutionNode = FALSE
	EndGlobalSection
	GlobalSection(NestedProjects) = preSolution
		{E1AD0173-13D2-41CD-96EF-4884936372E8} = {915C423D-FC1A-4D52-8ADC-CC4FE43B5538}
		{41B99310-2E84-4FD5-ACE0-574C3B9844AD} = {915C423D-FC1A-4D52-8ADC-CC4FE43B5538}
		{8F904B41-C331-492F-8382-BDBD371C7705} = {915C423D-FC1A-4D52-8ADC-CC4FE43B5538}
		{163B1F8C-4787-47BB-850A-B73DF646D817} = {915C423D-FC1A-4D52-8ADC-CC4FE43B5538}
		{D260A1A9-51E3-443D-AF8F-D6A2D649E17B} = {702576F2-774B-4000-B560-4B9E60C300CF}
		{C4431FC6-A0F9-4929-AE3A-23769D054C12} = {702576F2-774B-4000-B560-4B9E60C300CF}
		{BEE13270-840E-4178-9384-BE3787048F81} = {702576F2-774B-4000-B560-4B9E60C300CF}
	EndGlobalSection
	GlobalSection(ExtensibilityGlobals) = postSolution
		SolutionGuid = {BD78597E-1BEB-4562-B008-73D2E368D7E7}
	EndGlobalSection
EndGlobal
